dependencies:
- name: kube-prometheus-stack
  repository: https://prometheus-community.github.io/helm-charts
  version: 72.9.1
- name: postgresql
  repository: oci://registry-1.docker.io/bitnamicharts
  version: 18.5.11
digest: sha256:1a6e80be15119ebc0435374d4e7c604bf8471e7554718edca2866d5ceabfb345
generated: "2026-03-21T10:05:58.031745893-05:00"
