dependencies:
- name: kube-prometheus-stack
  repository: https://prometheus-community.github.io/helm-charts
  version: 72.9.1
- name: postgresql
  repository: https://charts.bitnami.com/bitnami
  version: 18.5.6
digest: sha256:0de770e477665af957c4f8e552056b395f33c47dd835296bed542d0bf112eb17
generated: "2026-03-17T08:24:21.232596354-05:00"
