dependencies:
- name: kube-prometheus-stack
  repository: https://prometheus-community.github.io/helm-charts
  version: 72.9.1
- name: postgresql
  repository: https://charts.bitnami.com/bitnami
  version: 16.7.27
digest: sha256:4eeec0f63c42240b708cb5677bbfda813496375889e3c599984afbf3612a30d0
generated: "2026-03-16T21:36:22.742028712-05:00"
